
Microsoft Visual Studio Solution File, Format Version 12.00
# Visual Studio Version 17
VisualStudioVersion = 17.10.35013.160
MinimumVisualStudioVersion = 10.0.40219.1
Project("{FAE04EC0-301F-11D3-BF4B-00C04F79EFBC}") = "Lessons (Lists, Stack, Queue)", "Lessons (Lists, Stack, Queue)\Lessons (Lists, Stack, Queue).csproj", "{0E9E8441-423D-4833-B746-70E6BF724047}"
EndProject
Global
	GlobalSection(SolutionConfigurationPlatforms) = preSolution
		Debug|Any CPU = Debug|Any CPU
		Release|Any CPU = Release|Any CPU
	EndGlobalSection
	GlobalSection(ProjectConfigurationPlatforms) = postSolution
		{0E9E8441-423D-4833-B746-70E6BF724047}.Debug|Any CPU.ActiveCfg = Debug|Any CPU
		{0E9E8441-423D-4833-B746-70E6BF724047}.Debug|Any CPU.Build.0 = Debug|Any CPU
		{0E9E8441-423D-4833-B746-70E6BF724047}.Release|Any CPU.ActiveCfg = Release|Any CPU
		{0E9E8441-423D-4833-B746-70E6BF724047}.Release|Any CPU.Build.0 = Release|Any CPU
	EndGlobalSection
	GlobalSection(SolutionProperties) = preSolution
		HideSolutionNode = FALSE
	EndGlobalSection
	GlobalSection(ExtensibilityGlobals) = postSolution
		SolutionGuid = {93083D38-B113-4133-ADE7-0FB602AEF754}
	EndGlobalSection
EndGlobal
